<Solution>
  <Folder Name="/src/">
    <Project Path="src/WrapTuneMacOS.Cli/WrapTuneMacOS.Cli.csproj" />
    <Project Path="src/WrapTuneMacOS.Packaging/WrapTuneMacOS.Packaging.csproj" />
    <Project Path="src/WrapTuneMacOS.Signing/WrapTuneMacOS.Signing.csproj" />
    <Project Path="src/WrapTuneMacOS/WrapTuneMacOS.csproj" />
  </Folder>
  <Folder Name="/tests/">
    <Project Path="tests/WrapTuneMacOS.App.Tests/WrapTuneMacOS.App.Tests.csproj" />
    <Project Path="tests/WrapTuneMacOS.Cli.Tests/WrapTuneMacOS.Cli.Tests.csproj" />
    <Project Path="tests/WrapTuneMacOS.Packaging.Tests/WrapTuneMacOS.Packaging.Tests.csproj" />
    <Project Path="tests/WrapTuneMacOS.Signing.Tests/WrapTuneMacOS.Signing.Tests.csproj" />
  </Folder>
</Solution>
